
Microsoft Visual Studio Solution File, Format Version 12.00
# Visual Studio Version 17
VisualStudioVersion = 17.14.36414.22 d17.14
MinimumVisualStudioVersion = 10.0.40219.1
Project("{FAE04EC0-301F-11D3-BF4B-00C04F79EFBC}") = "Practical_05", "Practical_05\Practical_05.csproj", "{0A1AB385-35FC-45DF-82A9-208B62F96932}"
EndProject
Global
	GlobalSection(SolutionConfigurationPlatforms) = preSolution
		Debug|Any CPU = Debug|Any CPU
		Release|Any CPU = Release|Any CPU
	EndGlobalSection
	GlobalSection(ProjectConfigurationPlatforms) = postSolution
		{0A1AB385-35FC-45DF-82A9-208B62F96932}.Debug|Any CPU.ActiveCfg = Debug|Any CPU
		{0A1AB385-35FC-45DF-82A9-208B62F96932}.Debug|Any CPU.Build.0 = Debug|Any CPU
		{0A1AB385-35FC-45DF-82A9-208B62F96932}.Release|Any CPU.ActiveCfg = Release|Any CPU
		{0A1AB385-35FC-45DF-82A9-208B62F96932}.Release|Any CPU.Build.0 = Release|Any CPU
	EndGlobalSection
	GlobalSection(SolutionProperties) = preSolution
		HideSolutionNode = FALSE
	EndGlobalSection
	GlobalSection(ExtensibilityGlobals) = postSolution
		SolutionGuid = {16B43C15-A83C-4BA4-A930-9523E179473A}
	EndGlobalSection
EndGlobal
